// !$*UTF8*$!
{
	archiveVersion = 1;
	classes = {
	};
	objectVersion = 56;
	objects = {

/* Begin PBXBuildFile section */
		7F1343D52BFB81EE009E9DBD /* DecodingError+.swift in Sources */ = {isa = PBXBuildFile; fileRef = 7F1343D42BFB81EE009E9DBD /* DecodingError+.swift */; };
		7F1343D72BFB84EE009E9DBD /* JSONDecoder+.swift in Sources */ = {isa = PBXBuildFile; fileRef = 7F1343D62BFB84EE009E9DBD /* JSONDecoder+.swift */; };
		7F1343D92BFCA859009E9DBD /* HTTPError.swift in Sources */ = {isa = PBXBuildFile; fileRef = 7F1343D82BFCA859009E9DBD /* HTTPError.swift */; };
		7F1343DD2C00BE8F009E9DBD /* LocationService.swift in Sources */ = {isa = PBXBuildFile; fileRef = 7F1343DC2C00BE8F009E9DBD /* LocationService.swift */; };
		7F1343E02C00D7CC009E9DBD /* LocationError.swift in Sources */ = {isa = PBXBuildFile; fileRef = 7F1343DF2C00D7CC009E9DBD /* LocationError.swift */; };
		7F1343E42C00E44B009E9DBD /* LocationDataProvidable.swift in Sources */ = {isa = PBXBuildFile; fileRef = 7F1343E32C00E44B009E9DBD /* LocationDataProvidable.swift */; };
		7F199D342BDFB90700C66F29 /* AppDelegate.swift in Sources */ = {isa = PBXBuildFile; fileRef = 7F199D332BDFB90700C66F29 /* AppDelegate.swift */; };
		7F199D362BDFB90700C66F29 /* SceneDelegate.swift in Sources */ = {isa = PBXBuildFile; fileRef = 7F199D352BDFB90700C66F29 /* SceneDelegate.swift */; };
		7F199D382BDFB90700C66F29 /* MainWeatherViewController.swift in Sources */ = {isa = PBXBuildFile; fileRef = 7F199D372BDFB90700C66F29 /* MainWeatherViewController.swift */; };
		7F199D3D2BDFB90800C66F29 /* Assets.xcassets in Resources */ = {isa = PBXBuildFile; fileRef = 7F199D3C2BDFB90800C66F29 /* Assets.xcassets */; };
		7F199D402BDFB90800C66F29 /* LaunchScreen.storyboard in Resources */ = {isa = PBXBuildFile; fileRef = 7F199D3E2BDFB90800C66F29 /* LaunchScreen.storyboard */; };
		7F2732B62C05ECD500F9974E /* CurrentWeatherRepository.swift in Sources */ = {isa = PBXBuildFile; fileRef = 7F2732B52C05ECD500F9974E /* CurrentWeatherRepository.swift */; };
		7F2732B82C05ED5F00F9974E /* WeeklyWeatherRepository.swift in Sources */ = {isa = PBXBuildFile; fileRef = 7F2732B72C05ED5F00F9974E /* WeeklyWeatherRepository.swift */; };
		7F2732BB2C05EDBE00F9974E /* DefaultWeatherRepository.swift in Sources */ = {isa = PBXBuildFile; fileRef = 7F2732BA2C05EDBE00F9974E /* DefaultWeatherRepository.swift */; };
		7F2732BF2C06000C00F9974E /* WeatherIconDataRepository.swift in Sources */ = {isa = PBXBuildFile; fileRef = 7F2732BE2C06000C00F9974E /* WeatherIconDataRepository.swift */; };
		7F2732C22C0603F100F9974E /* DefaultImageDataRepostory.swift in Sources */ = {isa = PBXBuildFile; fileRef = 7F2732C12C0603F100F9974E /* DefaultImageDataRepostory.swift */; };
		7F2AAB1B2BEE2916002B9A6B /* Config.xcconfig in Resources */ = {isa = PBXBuildFile; fileRef = 7F2AAB1A2BEE2916002B9A6B /* Config.xcconfig */; };
		7F2AAB252BEE4ACF002B9A6B /* APIEndPoint.swift in Sources */ = {isa = PBXBuildFile; fileRef = 7F2AAB242BEE4ACF002B9A6B /* APIEndPoint.swift */; };
		7F2AAB282BEE4BD0002B9A6B /* NetworkError.swift in Sources */ = {isa = PBXBuildFile; fileRef = 7F2AAB272BEE4BD0002B9A6B /* NetworkError.swift */; };
		7F2AAB2A2BEE4CAF002B9A6B /* OpenWeatherEndPoint.swift in Sources */ = {isa = PBXBuildFile; fileRef = 7F2AAB292BEE4CAF002B9A6B /* OpenWeatherEndPoint.swift */; };
		7F2AAB2C2BEE5312002B9A6B /* HTTPMethod.swift in Sources */ = {isa = PBXBuildFile; fileRef = 7F2AAB2B2BEE5312002B9A6B /* HTTPMethod.swift */; };
		7F2E1DA42C20713300F93ACD /* CommonWeatherDetail.swift in Sources */ = {isa = PBXBuildFile; fileRef = 7F2E1DA32C20713300F93ACD /* CommonWeatherDetail.swift */; };
		7F2E1DA62C20717000F93ACD /* AllWeatherData.swift in Sources */ = {isa = PBXBuildFile; fileRef = 7F2E1DA52C20717000F93ACD /* AllWeatherData.swift */; };
		7F2E1DA82C20721200F93ACD /* CurrentWeatherDetail.swift in Sources */ = {isa = PBXBuildFile; fileRef = 7F2E1DA72C20721200F93ACD /* CurrentWeatherDetail.swift */; };
		7F2E1DAA2C20755700F93ACD /* WeeklyWeatherDetail.swift in Sources */ = {isa = PBXBuildFile; fileRef = 7F2E1DA92C20755700F93ACD /* WeeklyWeatherDetail.swift */; };
		7F2E1DAC2C20770300F93ACD /* LocationDetail.swift in Sources */ = {isa = PBXBuildFile; fileRef = 7F2E1DAB2C20770300F93ACD /* LocationDetail.swift */; };
		7F2E1DB22C207E3500F93ACD /* FetchWeatherForCurrentLocationUseCase.swift in Sources */ = {isa = PBXBuildFile; fileRef = 7F2E1DB12C207E3500F93ACD /* FetchWeatherForCurrentLocationUseCase.swift */; };
		7F2E1DB62C20895A00F93ACD /* ConcreteFetchWeatherForCurrentLocationUseCase.swift in Sources */ = {isa = PBXBuildFile; fileRef = 7F2E1DB52C20895A00F93ACD /* ConcreteFetchWeatherForCurrentLocationUseCase.swift */; };
		7F2E1DB82C2594A100F93ACD /* BindingError.swift in Sources */ = {isa = PBXBuildFile; fileRef = 7F2E1DB72C2594A100F93ACD /* BindingError.swift */; };
		7F5216C52C3AC0C000C01A7A /* MainWeatherViewModel.swift in Sources */ = {isa = PBXBuildFile; fileRef = 7F5216C42C3AC0C000C01A7A /* MainWeatherViewModel.swift */; };
		7F52D0232C1AFBF200B9220F /* Cacheable.swift in Sources */ = {isa = PBXBuildFile; fileRef = 7F52D0222C1AFBF200B9220F /* Cacheable.swift */; };
		7F52D0262C1AFD2100B9220F /* CacheService.swift in Sources */ = {isa = PBXBuildFile; fileRef = 7F52D0252C1AFD2100B9220F /* CacheService.swift */; };
		7F769C7A2BEA581A00321EE5 /* WeeklyWeather.swift in Sources */ = {isa = PBXBuildFile; fileRef = 7F769C792BEA581A00321EE5 /* WeeklyWeather.swift */; };
		7F849B212C3C27B20057BBC1 /* AppEnvironment.swift in Sources */ = {isa = PBXBuildFile; fileRef = 7F849B202C3C27B20057BBC1 /* AppEnvironment.swift */; };
		7F849B252C3D65010057BBC1 /* CurrentWeatherHeaderView.swift in Sources */ = {isa = PBXBuildFile; fileRef = 7F849B242C3D65010057BBC1 /* CurrentWeatherHeaderView.swift */; };
		7F8CF87C2BF0DDF40025D7EE /* NetworkService.swift in Sources */ = {isa = PBXBuildFile; fileRef = 7F8CF87B2BF0DDF40025D7EE /* NetworkService.swift */; };
		7F9AC9AA2BF35932001424E4 /* URLSession+.swift in Sources */ = {isa = PBXBuildFile; fileRef = 7F9AC9A92BF35932001424E4 /* URLSession+.swift */; };
		7F9AC9AD2BF35A05001424E4 /* APIService.swift in Sources */ = {isa = PBXBuildFile; fileRef = 7F9AC9AC2BF35A05001424E4 /* APIService.swift */; };
		7FCA80962C3AC1E700D9B577 /* AllWeather.swift in Sources */ = {isa = PBXBuildFile; fileRef = 7FCA80952C3AC1E700D9B577 /* AllWeather.swift */; };
		7FCA80982C3AC2E500D9B577 /* CommonWeather.swift in Sources */ = {isa = PBXBuildFile; fileRef = 7FCA80972C3AC2E500D9B577 /* CommonWeather.swift */; };
		7FCA809A2C3AC57B00D9B577 /* CurrentWeatherModel.swift in Sources */ = {isa = PBXBuildFile; fileRef = 7FCA80992C3AC57B00D9B577 /* CurrentWeatherModel.swift */; };
		7FCA809C2C3ADAFD00D9B577 /* WeeklyWeatherModel.swift in Sources */ = {isa = PBXBuildFile; fileRef = 7FCA809B2C3ADAFD00D9B577 /* WeeklyWeatherModel.swift */; };
		7FCA809E2C3AE19200D9B577 /* DateFormatter+.swift in Sources */ = {isa = PBXBuildFile; fileRef = 7FCA809D2C3AE19200D9B577 /* DateFormatter+.swift */; };
		7FCA80A02C3AE2C200D9B577 /* Int+.swift in Sources */ = {isa = PBXBuildFile; fileRef = 7FCA809F2C3AE2C200D9B577 /* Int+.swift */; };
		7FDAD1312C08A4120018AA88 /* Entity.swift in Sources */ = {isa = PBXBuildFile; fileRef = 7FDAD1302C08A4120018AA88 /* Entity.swift */; };
		7FDAD1332C08A9650018AA88 /* CurrentWeatherInfo.swift in Sources */ = {isa = PBXBuildFile; fileRef = 7FDAD1322C08A9650018AA88 /* CurrentWeatherInfo.swift */; };
		7FDAD1352C08ADF70018AA88 /* WeeklyWeatherInfo.swift in Sources */ = {isa = PBXBuildFile; fileRef = 7FDAD1342C08ADF70018AA88 /* WeeklyWeatherInfo.swift */; };
		7FDAD1372C08AF1A0018AA88 /* CommomWeatherInfo.swift in Sources */ = {isa = PBXBuildFile; fileRef = 7FDAD1362C08AF1A0018AA88 /* CommomWeatherInfo.swift */; };
		7FDAD13A2C09CD7A0018AA88 /* MappingError.swift in Sources */ = {isa = PBXBuildFile; fileRef = 7FDAD1392C09CD7A0018AA88 /* MappingError.swift */; };
		7FED2F592C0EE50C00CC1E1F /* LocationRepository.swift in Sources */ = {isa = PBXBuildFile; fileRef = 7FED2F582C0EE50C00CC1E1F /* LocationRepository.swift */; };
		7FED2F5B2C0EE58B00CC1E1F /* LocationInfo.swift in Sources */ = {isa = PBXBuildFile; fileRef = 7FED2F5A2C0EE58B00CC1E1F /* LocationInfo.swift */; };
		7FED2F5D2C0EE5CE00CC1E1F /* DefaultLocationRepository.swift in Sources */ = {isa = PBXBuildFile; fileRef = 7FED2F5C2C0EE5CE00CC1E1F /* DefaultLocationRepository.swift */; };
		7FEEB7012BE8B671006AC640 /* CommonWeatherData.swift in Sources */ = {isa = PBXBuildFile; fileRef = 7FEEB7002BE8B671006AC640 /* CommonWeatherData.swift */; };
		7FEEB7032BE8B713006AC640 /* CurrentWeather.swift in Sources */ = {isa = PBXBuildFile; fileRef = 7FEEB7022BE8B713006AC640 /* CurrentWeather.swift */; };
		7FF61B112C3517E400D5141D /* ObserverType.swift in Sources */ = {isa = PBXBuildFile; fileRef = 7FF61B102C3517E400D5141D /* ObserverType.swift */; };
		7FF61B132C3517FA00D5141D /* Observer.swift in Sources */ = {isa = PBXBuildFile; fileRef = 7FF61B122C3517FA00D5141D /* Observer.swift */; };
		7FF61B182C351AC300D5141D /* Disposable.swift in Sources */ = {isa = PBXBuildFile; fileRef = 7FF61B172C351AC300D5141D /* Disposable.swift */; };
		7FF61B1B2C351B1900D5141D /* ConcreteDispose.swift in Sources */ = {isa = PBXBuildFile; fileRef = 7FF61B1A2C351B1900D5141D /* ConcreteDispose.swift */; };
		7FFA690E2C32AAE400092250 /* Event.swift in Sources */ = {isa = PBXBuildFile; fileRef = 7FFA690D2C32AAE400092250 /* Event.swift */; };
		7FFA69122C32AB3600092250 /* ObservableType.swift in Sources */ = {isa = PBXBuildFile; fileRef = 7FFA69112C32AB3600092250 /* ObservableType.swift */; };
		7FFA69152C32ABA000092250 /* Observable.swift in Sources */ = {isa = PBXBuildFile; fileRef = 7FFA69142C32ABA000092250 /* Observable.swift */; };
/* End PBXBuildFile section */

/* Begin PBXFileReference section */
		7F1343D42BFB81EE009E9DBD /* DecodingError+.swift */ = {isa = PBXFileReference; lastKnownFileType = sourcecode.swift; path = "DecodingError+.swift"; sourceTree = "<group>"; };
		7F1343D62BFB84EE009E9DBD /* JSONDecoder+.swift */ = {isa = PBXFileReference; lastKnownFileType = sourcecode.swift; path = "JSONDecoder+.swift"; sourceTree = "<group>"; };
		7F1343D82BFCA859009E9DBD /* HTTPError.swift */ = {isa = PBXFileReference; lastKnownFileType = sourcecode.swift; path = HTTPError.swift; sourceTree = "<group>"; };
		7F1343DC2C00BE8F009E9DBD /* LocationService.swift */ = {isa = PBXFileReference; lastKnownFileType = sourcecode.swift; path = LocationService.swift; sourceTree = "<group>"; };
		7F1343DF2C00D7CC009E9DBD /* LocationError.swift */ = {isa = PBXFileReference; lastKnownFileType = sourcecode.swift; path = LocationError.swift; sourceTree = "<group>"; };
		7F1343E32C00E44B009E9DBD /* LocationDataProvidable.swift */ = {isa = PBXFileReference; lastKnownFileType = sourcecode.swift; path = LocationDataProvidable.swift; sourceTree = "<group>"; };
		7F199D302BDFB90700C66F29 /* WeatherForcast_MVVM.app */ = {isa = PBXFileReference; explicitFileType = wrapper.application; includeInIndex = 0; path = WeatherForcast_MVVM.app; sourceTree = BUILT_PRODUCTS_DIR; };
		7F199D332BDFB90700C66F29 /* AppDelegate.swift */ = {isa = PBXFileReference; lastKnownFileType = sourcecode.swift; path = AppDelegate.swift; sourceTree = "<group>"; };
		7F199D352BDFB90700C66F29 /* SceneDelegate.swift */ = {isa = PBXFileReference; lastKnownFileType = sourcecode.swift; path = SceneDelegate.swift; sourceTree = "<group>"; };
		7F199D372BDFB90700C66F29 /* MainWeatherViewController.swift */ = {isa = PBXFileReference; lastKnownFileType = sourcecode.swift; path = MainWeatherViewController.swift; sourceTree = "<group>"; };
		7F199D3C2BDFB90800C66F29 /* Assets.xcassets */ = {isa = PBXFileReference; lastKnownFileType = folder.assetcatalog; path = Assets.xcassets; sourceTree = "<group>"; };
		7F199D3F2BDFB90800C66F29 /* Base */ = {isa = PBXFileReference; lastKnownFileType = file.storyboard; name = Base; path = Base.lproj/LaunchScreen.storyboard; sourceTree = "<group>"; };
		7F199D412BDFB90800C66F29 /* Info.plist */ = {isa = PBXFileReference; lastKnownFileType = text.plist.xml; path = Info.plist; sourceTree = "<group>"; };
		7F2732B52C05ECD500F9974E /* CurrentWeatherRepository.swift */ = {isa = PBXFileReference; lastKnownFileType = sourcecode.swift; path = CurrentWeatherRepository.swift; sourceTree = "<group>"; };
		7F2732B72C05ED5F00F9974E /* WeeklyWeatherRepository.swift */ = {isa = PBXFileReference; lastKnownFileType = sourcecode.swift; path = WeeklyWeatherRepository.swift; sourceTree = "<group>"; };
		7F2732BA2C05EDBE00F9974E /* DefaultWeatherRepository.swift */ = {isa = PBXFileReference; lastKnownFileType = sourcecode.swift; path = DefaultWeatherRepository.swift; sourceTree = "<group>"; };
		7F2732BE2C06000C00F9974E /* WeatherIconDataRepository.swift */ = {isa = PBXFileReference; lastKnownFileType = sourcecode.swift; path = WeatherIconDataRepository.swift; sourceTree = "<group>"; };
		7F2732C12C0603F100F9974E /* DefaultImageDataRepostory.swift */ = {isa = PBXFileReference; lastKnownFileType = sourcecode.swift; path = DefaultImageDataRepostory.swift; sourceTree = "<group>"; };
		7F2AAB1A2BEE2916002B9A6B /* Config.xcconfig */ = {isa = PBXFileReference; lastKnownFileType = text.xcconfig; path = Config.xcconfig; sourceTree = "<group>"; };
		7F2AAB242BEE4ACF002B9A6B /* APIEndPoint.swift */ = {isa = PBXFileReference; lastKnownFileType = sourcecode.swift; path = APIEndPoint.swift; sourceTree = "<group>"; };
		7F2AAB272BEE4BD0002B9A6B /* NetworkError.swift */ = {isa = PBXFileReference; lastKnownFileType = sourcecode.swift; path = NetworkError.swift; sourceTree = "<group>"; };
		7F2AAB292BEE4CAF002B9A6B /* OpenWeatherEndPoint.swift */ = {isa = PBXFileReference; lastKnownFileType = sourcecode.swift; path = OpenWeatherEndPoint.swift; sourceTree = "<group>"; };
		7F2AAB2B2BEE5312002B9A6B /* HTTPMethod.swift */ = {isa = PBXFileReference; lastKnownFileType = sourcecode.swift; path = HTTPMethod.swift; sourceTree = "<group>"; };
		7F2E1DA32C20713300F93ACD /* CommonWeatherDetail.swift */ = {isa = PBXFileReference; lastKnownFileType = sourcecode.swift; path = CommonWeatherDetail.swift; sourceTree = "<group>"; };
		7F2E1DA52C20717000F93ACD /* AllWeatherData.swift */ = {isa = PBXFileReference; lastKnownFileType = sourcecode.swift; path = AllWeatherData.swift; sourceTree = "<group>"; };
		7F2E1DA72C20721200F93ACD /* CurrentWeatherDetail.swift */ = {isa = PBXFileReference; lastKnownFileType = sourcecode.swift; path = CurrentWeatherDetail.swift; sourceTree = "<group>"; };
		7F2E1DA92C20755700F93ACD /* WeeklyWeatherDetail.swift */ = {isa = PBXFileReference; lastKnownFileType = sourcecode.swift; path = WeeklyWeatherDetail.swift; sourceTree = "<group>"; };
		7F2E1DAB2C20770300F93ACD /* LocationDetail.swift */ = {isa = PBXFileReference; lastKnownFileType = sourcecode.swift; path = LocationDetail.swift; sourceTree = "<group>"; };
		7F2E1DB12C207E3500F93ACD /* FetchWeatherForCurrentLocationUseCase.swift */ = {isa = PBXFileReference; lastKnownFileType = sourcecode.swift; path = FetchWeatherForCurrentLocationUseCase.swift; sourceTree = "<group>"; };
		7F2E1DB52C20895A00F93ACD /* ConcreteFetchWeatherForCurrentLocationUseCase.swift */ = {isa = PBXFileReference; lastKnownFileType = sourcecode.swift; path = ConcreteFetchWeatherForCurrentLocationUseCase.swift; sourceTree = "<group>"; };
		7F2E1DB72C2594A100F93ACD /* BindingError.swift */ = {isa = PBXFileReference; lastKnownFileType = sourcecode.swift; path = BindingError.swift; sourceTree = "<group>"; };
		7F5216C42C3AC0C000C01A7A /* MainWeatherViewModel.swift */ = {isa = PBXFileReference; lastKnownFileType = sourcecode.swift; path = MainWeatherViewModel.swift; sourceTree = "<group>"; };
		7F52D0222C1AFBF200B9220F /* Cacheable.swift */ = {isa = PBXFileReference; lastKnownFileType = sourcecode.swift; path = Cacheable.swift; sourceTree = "<group>"; };
		7F52D0252C1AFD2100B9220F /* CacheService.swift */ = {isa = PBXFileReference; lastKnownFileType = sourcecode.swift; path = CacheService.swift; sourceTree = "<group>"; };
		7F769C792BEA581A00321EE5 /* WeeklyWeather.swift */ = {isa = PBXFileReference; lastKnownFileType = sourcecode.swift; path = WeeklyWeather.swift; sourceTree = "<group>"; };
		7F849B202C3C27B20057BBC1 /* AppEnvironment.swift */ = {isa = PBXFileReference; lastKnownFileType = sourcecode.swift; path = AppEnvironment.swift; sourceTree = "<group>"; };
		7F849B242C3D65010057BBC1 /* CurrentWeatherHeaderView.swift */ = {isa = PBXFileReference; lastKnownFileType = sourcecode.swift; path = CurrentWeatherHeaderView.swift; sourceTree = "<group>"; };
		7F8CF87B2BF0DDF40025D7EE /* NetworkService.swift */ = {isa = PBXFileReference; lastKnownFileType = sourcecode.swift; path = NetworkService.swift; sourceTree = "<group>"; };
		7F9AC9A92BF35932001424E4 /* URLSession+.swift */ = {isa = PBXFileReference; lastKnownFileType = sourcecode.swift; path = "URLSession+.swift"; sourceTree = "<group>"; };
		7F9AC9AC2BF35A05001424E4 /* APIService.swift */ = {isa = PBXFileReference; lastKnownFileType = sourcecode.swift; path = APIService.swift; sourceTree = "<group>"; };
		7FCA80952C3AC1E700D9B577 /* AllWeather.swift */ = {isa = PBXFileReference; lastKnownFileType = sourcecode.swift; path = AllWeather.swift; sourceTree = "<group>"; };
		7FCA80972C3AC2E500D9B577 /* CommonWeather.swift */ = {isa = PBXFileReference; lastKnownFileType = sourcecode.swift; path = CommonWeather.swift; sourceTree = "<group>"; };
		7FCA80992C3AC57B00D9B577 /* CurrentWeatherModel.swift */ = {isa = PBXFileReference; lastKnownFileType = sourcecode.swift; path = CurrentWeatherModel.swift; sourceTree = "<group>"; };
		7FCA809B2C3ADAFD00D9B577 /* WeeklyWeatherModel.swift */ = {isa = PBXFileReference; lastKnownFileType = sourcecode.swift; path = WeeklyWeatherModel.swift; sourceTree = "<group>"; };
		7FCA809D2C3AE19200D9B577 /* DateFormatter+.swift */ = {isa = PBXFileReference; lastKnownFileType = sourcecode.swift; path = "DateFormatter+.swift"; sourceTree = "<group>"; };
		7FCA809F2C3AE2C200D9B577 /* Int+.swift */ = {isa = PBXFileReference; lastKnownFileType = sourcecode.swift; path = "Int+.swift"; sourceTree = "<group>"; };
		7FDAD1302C08A4120018AA88 /* Entity.swift */ = {isa = PBXFileReference; lastKnownFileType = sourcecode.swift; path = Entity.swift; sourceTree = "<group>"; };
		7FDAD1322C08A9650018AA88 /* CurrentWeatherInfo.swift */ = {isa = PBXFileReference; lastKnownFileType = sourcecode.swift; path = CurrentWeatherInfo.swift; sourceTree = "<group>"; };
		7FDAD1342C08ADF70018AA88 /* WeeklyWeatherInfo.swift */ = {isa = PBXFileReference; lastKnownFileType = sourcecode.swift; path = WeeklyWeatherInfo.swift; sourceTree = "<group>"; };
		7FDAD1362C08AF1A0018AA88 /* CommomWeatherInfo.swift */ = {isa = PBXFileReference; lastKnownFileType = sourcecode.swift; path = CommomWeatherInfo.swift; sourceTree = "<group>"; };
		7FDAD1392C09CD7A0018AA88 /* MappingError.swift */ = {isa = PBXFileReference; lastKnownFileType = sourcecode.swift; path = MappingError.swift; sourceTree = "<group>"; };
		7FED2F582C0EE50C00CC1E1F /* LocationRepository.swift */ = {isa = PBXFileReference; lastKnownFileType = sourcecode.swift; path = LocationRepository.swift; sourceTree = "<group>"; };
		7FED2F5A2C0EE58B00CC1E1F /* LocationInfo.swift */ = {isa = PBXFileReference; lastKnownFileType = sourcecode.swift; path = LocationInfo.swift; sourceTree = "<group>"; };
		7FED2F5C2C0EE5CE00CC1E1F /* DefaultLocationRepository.swift */ = {isa = PBXFileReference; lastKnownFileType = sourcecode.swift; path = DefaultLocationRepository.swift; sourceTree = "<group>"; };
		7FEEB7002BE8B671006AC640 /* CommonWeatherData.swift */ = {isa = PBXFileReference; lastKnownFileType = sourcecode.swift; path = CommonWeatherData.swift; sourceTree = "<group>"; };
		7FEEB7022BE8B713006AC640 /* CurrentWeather.swift */ = {isa = PBXFileReference; lastKnownFileType = sourcecode.swift; path = CurrentWeather.swift; sourceTree = "<group>"; };
		7FF61B102C3517E400D5141D /* ObserverType.swift */ = {isa = PBXFileReference; lastKnownFileType = sourcecode.swift; path = ObserverType.swift; sourceTree = "<group>"; };
		7FF61B122C3517FA00D5141D /* Observer.swift */ = {isa = PBXFileReference; lastKnownFileType = sourcecode.swift; path = Observer.swift; sourceTree = "<group>"; };
		7FF61B172C351AC300D5141D /* Disposable.swift */ = {isa = PBXFileReference; lastKnownFileType = sourcecode.swift; path = Disposable.swift; sourceTree = "<group>"; };
		7FF61B1A2C351B1900D5141D /* ConcreteDispose.swift */ = {isa = PBXFileReference; lastKnownFileType = sourcecode.swift; path = ConcreteDispose.swift; sourceTree = "<group>"; };
		7FFA690D2C32AAE400092250 /* Event.swift */ = {isa = PBXFileReference; lastKnownFileType = sourcecode.swift; path = Event.swift; sourceTree = "<group>"; };
		7FFA69112C32AB3600092250 /* ObservableType.swift */ = {isa = PBXFileReference; lastKnownFileType = sourcecode.swift; path = ObservableType.swift; sourceTree = "<group>"; };
		7FFA69142C32ABA000092250 /* Observable.swift */ = {isa = PBXFileReference; lastKnownFileType = sourcecode.swift; path = Observable.swift; sourceTree = "<group>"; };
/* End PBXFileReference section */

/* Begin PBXFrameworksBuildPhase section */
		7F199D2D2BDFB90700C66F29 /* Frameworks */ = {
			isa = PBXFrameworksBuildPhase;
			buildActionMask = 2147483647;
			files = (
			);
			runOnlyForDeploymentPostprocessing = 0;
		};
/* End PBXFrameworksBuildPhase section */

/* Begin PBXGroup section */
		7F1343DB2C00BE83009E9DBD /* Location */ = {
			isa = PBXGroup;
			children = (
				7F1343E22C00E423009E9DBD /* Implementation */,
				7F1343E12C00E403009E9DBD /* Interface */,
				7F1343DE2C00D7C0009E9DBD /* Error */,
			);
			path = Location;
			sourceTree = "<group>";
		};
		7F1343DE2C00D7C0009E9DBD /* Error */ = {
			isa = PBXGroup;
			children = (
				7F1343DF2C00D7CC009E9DBD /* LocationError.swift */,
			);
			path = Error;
			sourceTree = "<group>";
		};
		7F1343E12C00E403009E9DBD /* Interface */ = {
			isa = PBXGroup;
			children = (
				7F1343E32C00E44B009E9DBD /* LocationDataProvidable.swift */,
			);
			path = Interface;
			sourceTree = "<group>";
		};
		7F1343E22C00E423009E9DBD /* Implementation */ = {
			isa = PBXGroup;
			children = (
				7F1343DC2C00BE8F009E9DBD /* LocationService.swift */,
			);
			path = Implementation;
			sourceTree = "<group>";
		};
		7F199D272BDFB90700C66F29 = {
			isa = PBXGroup;
			children = (
				7F199D322BDFB90700C66F29 /* WeatherForcast_MVVM */,
				7F199D312BDFB90700C66F29 /* Products */,
			);
			sourceTree = "<group>";
		};
		7F199D312BDFB90700C66F29 /* Products */ = {
			isa = PBXGroup;
			children = (
				7F199D302BDFB90700C66F29 /* WeatherForcast_MVVM.app */,
			);
			name = Products;
			sourceTree = "<group>";
		};
		7F199D322BDFB90700C66F29 /* WeatherForcast_MVVM */ = {
			isa = PBXGroup;
			children = (
				7FE4BCA12BE5218900739D0D /* App */,
				7F5216C02C3AC01F00C01A7A /* Presentation */,
				7FFA690B2C32AAC400092250 /* Binder */,
				7F2E1DB02C207ABE00F93ACD /* UseCase */,
				7F2732B22C0479D200F9974E /* Repository */,
				7F2AAB1F2BEE4A7B002B9A6B /* Service */,
				7FE3F0372BE525EA00A047EE /* Model */,
				7F9AC9A82BF35914001424E4 /* Extension */,
				7F199D3C2BDFB90800C66F29 /* Assets.xcassets */,
				7F199D3E2BDFB90800C66F29 /* LaunchScreen.storyboard */,
				7F199D412BDFB90800C66F29 /* Info.plist */,
				7F2AAB1A2BEE2916002B9A6B /* Config.xcconfig */,
			);
			path = WeatherForcast_MVVM;
			sourceTree = "<group>";
		};
		7F2732B22C0479D200F9974E /* Repository */ = {
			isa = PBXGroup;
			children = (
				7FED2F542C0EE39600CC1E1F /* Location */,
				7F2732BC2C05FE1500F9974E /* ImageData */,
				7F2732B32C05ECB000F9974E /* Weather */,
			);
			path = Repository;
			sourceTree = "<group>";
		};
		7F2732B32C05ECB000F9974E /* Weather */ = {
			isa = PBXGroup;
			children = (
				7F2732B92C05ED9900F9974E /* Implementation */,
				7F2732B42C05ECB900F9974E /* Interface */,
			);
			path = Weather;
			sourceTree = "<group>";
		};
		7F2732B42C05ECB900F9974E /* Interface */ = {
			isa = PBXGroup;
			children = (
				7F2732B52C05ECD500F9974E /* CurrentWeatherRepository.swift */,
				7F2732B72C05ED5F00F9974E /* WeeklyWeatherRepository.swift */,
			);
			path = Interface;
			sourceTree = "<group>";
		};
		7F2732B92C05ED9900F9974E /* Implementation */ = {
			isa = PBXGroup;
			children = (
				7F2732BA2C05EDBE00F9974E /* DefaultWeatherRepository.swift */,
			);
			path = Implementation;
			sourceTree = "<group>";
		};
		7F2732BC2C05FE1500F9974E /* ImageData */ = {
			isa = PBXGroup;
			children = (
				7F2732C02C06026E00F9974E /* Implementation */,
				7F2732BD2C05FE7100F9974E /* Interface */,
			);
			path = ImageData;
			sourceTree = "<group>";
		};
		7F2732BD2C05FE7100F9974E /* Interface */ = {
			isa = PBXGroup;
			children = (
				7F2732BE2C06000C00F9974E /* WeatherIconDataRepository.swift */,
			);
			path = Interface;
			sourceTree = "<group>";
		};
		7F2732C02C06026E00F9974E /* Implementation */ = {
			isa = PBXGroup;
			children = (
				7F2732C12C0603F100F9974E /* DefaultImageDataRepostory.swift */,
			);
			path = Implementation;
			sourceTree = "<group>";
		};
		7F2732CA2C0884B700F9974E /* Entity */ = {
			isa = PBXGroup;
			children = (
				7FDAD1302C08A4120018AA88 /* Entity.swift */,
				7F2E1DA22C20711000F93ACD /* UseCase */,
				7F2732CB2C08851C00F9974E /* Repository */,
			);
			path = Entity;
			sourceTree = "<group>";
		};
		7F2732CB2C08851C00F9974E /* Repository */ = {
			isa = PBXGroup;
			children = (
				7FDAD1322C08A9650018AA88 /* CurrentWeatherInfo.swift */,
				7FDAD1342C08ADF70018AA88 /* WeeklyWeatherInfo.swift */,
				7FDAD1362C08AF1A0018AA88 /* CommomWeatherInfo.swift */,
				7FED2F5A2C0EE58B00CC1E1F /* LocationInfo.swift */,
			);
			path = Repository;
			sourceTree = "<group>";
		};
		7F2AAB1F2BEE4A7B002B9A6B /* Service */ = {
			isa = PBXGroup;
			children = (
				7F52D0202C1AFB7C00B9220F /* Cache */,
				7F1343DB2C00BE83009E9DBD /* Location */,
				7F9AC9AB2BF359D8001424E4 /* API */,
				7F2AAB202BEE4A88002B9A6B /* Network */,
			);
			path = Service;
			sourceTree = "<group>";
		};
		7F2AAB202BEE4A88002B9A6B /* Network */ = {
			isa = PBXGroup;
			children = (
				7F8CF87B2BF0DDF40025D7EE /* NetworkService.swift */,
				7F2AAB262BEE4BC5002B9A6B /* Error */,
				7F2AAB212BEE4A92002B9A6B /* EndPoint */,
			);
			path = Network;
			sourceTree = "<group>";
		};
		7F2AAB212BEE4A92002B9A6B /* EndPoint */ = {
			isa = PBXGroup;
			children = (
				7F2AAB232BEE4AAB002B9A6B /* Implementation */,
				7F2AAB222BEE4A9F002B9A6B /* Interface */,
				7F2AAB2B2BEE5312002B9A6B /* HTTPMethod.swift */,
			);
			path = EndPoint;
			sourceTree = "<group>";
		};
		7F2AAB222BEE4A9F002B9A6B /* Interface */ = {
			isa = PBXGroup;
			children = (
				7F2AAB242BEE4ACF002B9A6B /* APIEndPoint.swift */,
			);
			path = Interface;
			sourceTree = "<group>";
		};
		7F2AAB232BEE4AAB002B9A6B /* Implementation */ = {
			isa = PBXGroup;
			children = (
				7F2AAB292BEE4CAF002B9A6B /* OpenWeatherEndPoint.swift */,
			);
			path = Implementation;
			sourceTree = "<group>";
		};
		7F2AAB262BEE4BC5002B9A6B /* Error */ = {
			isa = PBXGroup;
			children = (
				7F2AAB272BEE4BD0002B9A6B /* NetworkError.swift */,
				7F1343D82BFCA859009E9DBD /* HTTPError.swift */,
			);
			path = Error;
			sourceTree = "<group>";
		};
		7F2E1DA22C20711000F93ACD /* UseCase */ = {
			isa = PBXGroup;
			children = (
				7F2E1DA52C20717000F93ACD /* AllWeatherData.swift */,
				7F2E1DAE2C20797800F93ACD /* Weather */,
				7F2E1DAF2C20798800F93ACD /* Location */,
			);
			path = UseCase;
			sourceTree = "<group>";
		};
		7F2E1DAE2C20797800F93ACD /* Weather */ = {
			isa = PBXGroup;
			children = (
				7F2E1DA72C20721200F93ACD /* CurrentWeatherDetail.swift */,
				7F2E1DA92C20755700F93ACD /* WeeklyWeatherDetail.swift */,
				7F2E1DA32C20713300F93ACD /* CommonWeatherDetail.swift */,
			);
			path = Weather;
			sourceTree = "<group>";
		};
		7F2E1DAF2C20798800F93ACD /* Location */ = {
			isa = PBXGroup;
			children = (
				7F2E1DAB2C20770300F93ACD /* LocationDetail.swift */,
			);
			path = Location;
			sourceTree = "<group>";
		};
		7F2E1DB02C207ABE00F93ACD /* UseCase */ = {
			isa = PBXGroup;
			children = (
				7F2E1DB42C207F0C00F93ACD /* Implementation */,
				7F2E1DB32C207E4200F93ACD /* Interface */,
			);
			path = UseCase;
			sourceTree = "<group>";
		};
		7F2E1DB32C207E4200F93ACD /* Interface */ = {
			isa = PBXGroup;
			children = (
				7F2E1DB12C207E3500F93ACD /* FetchWeatherForCurrentLocationUseCase.swift */,
			);
			path = Interface;
			sourceTree = "<group>";
		};
		7F2E1DB42C207F0C00F93ACD /* Implementation */ = {
			isa = PBXGroup;
			children = (
				7F2E1DB52C20895A00F93ACD /* ConcreteFetchWeatherForCurrentLocationUseCase.swift */,
			);
			path = Implementation;
			sourceTree = "<group>";
		};
		7F5216C02C3AC01F00C01A7A /* Presentation */ = {
			isa = PBXGroup;
			children = (
				7FE3F0362BE5255400A047EE /* View */,
				7F5216C32C3AC0A800C01A7A /* ViewModel */,
			);
			path = Presentation;
			sourceTree = "<group>";
		};
		7F5216C32C3AC0A800C01A7A /* ViewModel */ = {
			isa = PBXGroup;
			children = (
				7F5216C42C3AC0C000C01A7A /* MainWeatherViewModel.swift */,
			);
			path = ViewModel;
			sourceTree = "<group>";
		};
		7F52D0202C1AFB7C00B9220F /* Cache */ = {
			isa = PBXGroup;
			children = (
				7F52D0242C1AFD1200B9220F /* Implementation */,
				7F52D0212C1AFB8700B9220F /* Interface */,
			);
			path = Cache;
			sourceTree = "<group>";
		};
		7F52D0212C1AFB8700B9220F /* Interface */ = {
			isa = PBXGroup;
			children = (
				7F52D0222C1AFBF200B9220F /* Cacheable.swift */,
			);
			path = Interface;
			sourceTree = "<group>";
		};
		7F52D0242C1AFD1200B9220F /* Implementation */ = {
			isa = PBXGroup;
			children = (
				7F52D0252C1AFD2100B9220F /* CacheService.swift */,
			);
			path = Implementation;
			sourceTree = "<group>";
		};
		7F9AC9A82BF35914001424E4 /* Extension */ = {
			isa = PBXGroup;
			children = (
				7F9AC9A92BF35932001424E4 /* URLSession+.swift */,
				7F1343D42BFB81EE009E9DBD /* DecodingError+.swift */,
				7F1343D62BFB84EE009E9DBD /* JSONDecoder+.swift */,
				7FCA809D2C3AE19200D9B577 /* DateFormatter+.swift */,
				7FCA809F2C3AE2C200D9B577 /* Int+.swift */,
			);
			path = Extension;
			sourceTree = "<group>";
		};
		7F9AC9AB2BF359D8001424E4 /* API */ = {
			isa = PBXGroup;
			children = (
				7F9AC9AC2BF35A05001424E4 /* APIService.swift */,
			);
			path = API;
			sourceTree = "<group>";
		};
		7FCA80942C3AC1CD00D9B577 /* Presentation */ = {
			isa = PBXGroup;
			children = (
				7FCA80952C3AC1E700D9B577 /* AllWeather.swift */,
				7FCA80992C3AC57B00D9B577 /* CurrentWeatherModel.swift */,
				7FCA809B2C3ADAFD00D9B577 /* WeeklyWeatherModel.swift */,
				7FCA80972C3AC2E500D9B577 /* CommonWeather.swift */,
			);
			path = Presentation;
			sourceTree = "<group>";
		};
		7FDAD1382C09CD6A0018AA88 /* Error */ = {
			isa = PBXGroup;
			children = (
				7FDAD1392C09CD7A0018AA88 /* MappingError.swift */,
				7F2E1DB72C2594A100F93ACD /* BindingError.swift */,
			);
			path = Error;
			sourceTree = "<group>";
		};
		7FE3F0362BE5255400A047EE /* View */ = {
			isa = PBXGroup;
			children = (
				7F199D372BDFB90700C66F29 /* MainWeatherViewController.swift */,
				7F849B242C3D65010057BBC1 /* CurrentWeatherHeaderView.swift */,
			);
			path = View;
			sourceTree = "<group>";
		};
		7FE3F0372BE525EA00A047EE /* Model */ = {
			isa = PBXGroup;
			children = (
				7FDAD1382C09CD6A0018AA88 /* Error */,
				7FCA80942C3AC1CD00D9B577 /* Presentation */,
				7F2732CA2C0884B700F9974E /* Entity */,
				7FE3F0382BE525F600A047EE /* DTO */,
			);
			path = Model;
			sourceTree = "<group>";
		};
		7FE3F0382BE525F600A047EE /* DTO */ = {
			isa = PBXGroup;
			children = (
				7FEEB7022BE8B713006AC640 /* CurrentWeather.swift */,
				7F769C792BEA581A00321EE5 /* WeeklyWeather.swift */,
				7FEEB7002BE8B671006AC640 /* CommonWeatherData.swift */,
			);
			path = DTO;
			sourceTree = "<group>";
		};
		7FE4BCA12BE5218900739D0D /* App */ = {
			isa = PBXGroup;
			children = (
				7F199D332BDFB90700C66F29 /* AppDelegate.swift */,
				7F199D352BDFB90700C66F29 /* SceneDelegate.swift */,
				7F849B202C3C27B20057BBC1 /* AppEnvironment.swift */,
			);
			path = App;
			sourceTree = "<group>";
		};
		7FED2F542C0EE39600CC1E1F /* Location */ = {
			isa = PBXGroup;
			children = (
				7FED2F562C0EE3CD00CC1E1F /* Implementation */,
				7FED2F552C0EE3C800CC1E1F /* Interface */,
			);
			path = Location;
			sourceTree = "<group>";
		};
		7FED2F552C0EE3C800CC1E1F /* Interface */ = {
			isa = PBXGroup;
			children = (
				7FED2F582C0EE50C00CC1E1F /* LocationRepository.swift */,
			);
			path = Interface;
			sourceTree = "<group>";
		};
		7FED2F562C0EE3CD00CC1E1F /* Implementation */ = {
			isa = PBXGroup;
			children = (
				7FED2F5C2C0EE5CE00CC1E1F /* DefaultLocationRepository.swift */,
			);
			path = Implementation;
			sourceTree = "<group>";
		};
		7FF61B0D2C3517A800D5141D /* Observer */ = {
			isa = PBXGroup;
			children = (
				7FF61B0F2C3517B500D5141D /* Implementation */,
				7FF61B0E2C3517AF00D5141D /* Interface */,
			);
			path = Observer;
			sourceTree = "<group>";
		};
		7FF61B0E2C3517AF00D5141D /* Interface */ = {
			isa = PBXGroup;
			children = (
				7FF61B102C3517E400D5141D /* ObserverType.swift */,
			);
			path = Interface;
			sourceTree = "<group>";
		};
		7FF61B0F2C3517B500D5141D /* Implementation */ = {
			isa = PBXGroup;
			children = (
				7FF61B122C3517FA00D5141D /* Observer.swift */,
			);
			path = Implementation;
			sourceTree = "<group>";
		};
		7FF61B142C351AA600D5141D /* Disposable */ = {
			isa = PBXGroup;
			children = (
				7FF61B162C351AB900D5141D /* Implementation */,
				7FF61B152C351AAE00D5141D /* Interface */,
			);
			path = Disposable;
			sourceTree = "<group>";
		};
		7FF61B152C351AAE00D5141D /* Interface */ = {
			isa = PBXGroup;
			children = (
				7FF61B172C351AC300D5141D /* Disposable.swift */,
			);
			path = Interface;
			sourceTree = "<group>";
		};
		7FF61B162C351AB900D5141D /* Implementation */ = {
			isa = PBXGroup;
			children = (
				7FF61B1A2C351B1900D5141D /* ConcreteDispose.swift */,
			);
			path = Implementation;
			sourceTree = "<group>";
		};
		7FFA690B2C32AAC400092250 /* Binder */ = {
			isa = PBXGroup;
			children = (
				7FF61B142C351AA600D5141D /* Disposable */,
				7FF61B0D2C3517A800D5141D /* Observer */,
				7FFA690F2C32AB2300092250 /* Observable */,
				7FFA690C2C32AAD800092250 /* Event */,
			);
			path = Binder;
			sourceTree = "<group>";
		};
		7FFA690C2C32AAD800092250 /* Event */ = {
			isa = PBXGroup;
			children = (
				7FFA690D2C32AAE400092250 /* Event.swift */,
			);
			path = Event;
			sourceTree = "<group>";
		};
		7FFA690F2C32AB2300092250 /* Observable */ = {
			isa = PBXGroup;
			children = (
				7FFA69132C32AB9400092250 /* Implementation */,
				7FFA69102C32AB2A00092250 /* Interface */,
			);
			path = Observable;
			sourceTree = "<group>";
		};
		7FFA69102C32AB2A00092250 /* Interface */ = {
			isa = PBXGroup;
			children = (
				7FFA69112C32AB3600092250 /* ObservableType.swift */,
			);
			path = Interface;
			sourceTree = "<group>";
		};
		7FFA69132C32AB9400092250 /* Implementation */ = {
			isa = PBXGroup;
			children = (
				7FFA69142C32ABA000092250 /* Observable.swift */,
			);
			path = Implementation;
			sourceTree = "<group>";
		};
/* End PBXGroup section */

/* Begin PBXNativeTarget section */
		7F199D2F2BDFB90700C66F29 /* WeatherForcast_MVVM */ = {
			isa = PBXNativeTarget;
			buildConfigurationList = 7F199D442BDFB90800C66F29 /* Build configuration list for PBXNativeTarget "WeatherForcast_MVVM" */;
			buildPhases = (
				7F199D2C2BDFB90700C66F29 /* Sources */,
				7F199D2D2BDFB90700C66F29 /* Frameworks */,
				7F199D2E2BDFB90700C66F29 /* Resources */,
			);
			buildRules = (
			);
			dependencies = (
			);
			name = WeatherForcast_MVVM;
			productName = WeatherForcast_MVVM;
			productReference = 7F199D302BDFB90700C66F29 /* WeatherForcast_MVVM.app */;
			productType = "com.apple.product-type.application";
		};
/* End PBXNativeTarget section */

/* Begin PBXProject section */
		7F199D282BDFB90700C66F29 /* Project object */ = {
			isa = PBXProject;
			attributes = {
				BuildIndependentTargetsInParallel = 1;
				LastSwiftUpdateCheck = 1520;
				LastUpgradeCheck = 1520;
				TargetAttributes = {
					7F199D2F2BDFB90700C66F29 = {
						CreatedOnToolsVersion = 15.2;
					};
				};
			};
			buildConfigurationList = 7F199D2B2BDFB90700C66F29 /* Build configuration list for PBXProject "WeatherForcast_MVVM" */;
			compatibilityVersion = "Xcode 14.0";
			developmentRegion = en;
			hasScannedForEncodings = 0;
			knownRegions = (
				en,
				Base,
			);
			mainGroup = 7F199D272BDFB90700C66F29;
			productRefGroup = 7F199D312BDFB90700C66F29 /* Products */;
			projectDirPath = "";
			projectRoot = "";
			targets = (
				7F199D2F2BDFB90700C66F29 /* WeatherForcast_MVVM */,
			);
		};
/* End PBXProject section */

/* Begin PBXResourcesBuildPhase section */
		7F199D2E2BDFB90700C66F29 /* Resources */ = {
			isa = PBXResourcesBuildPhase;
			buildActionMask = 2147483647;
			files = (
				7F199D402BDFB90800C66F29 /* LaunchScreen.storyboard in Resources */,
				7F2AAB1B2BEE2916002B9A6B /* Config.xcconfig in Resources */,
				7F199D3D2BDFB90800C66F29 /* Assets.xcassets in Resources */,
			);
			runOnlyForDeploymentPostprocessing = 0;
		};
/* End PBXResourcesBuildPhase section */

/* Begin PBXSourcesBuildPhase section */
		7F199D2C2BDFB90700C66F29 /* Sources */ = {
			isa = PBXSourcesBuildPhase;
			buildActionMask = 2147483647;
			files = (
				7F8CF87C2BF0DDF40025D7EE /* NetworkService.swift in Sources */,
				7FCA80962C3AC1E700D9B577 /* AllWeather.swift in Sources */,
				7FF61B182C351AC300D5141D /* Disposable.swift in Sources */,
				7FFA690E2C32AAE400092250 /* Event.swift in Sources */,
				7FDAD1312C08A4120018AA88 /* Entity.swift in Sources */,
				7F849B212C3C27B20057BBC1 /* AppEnvironment.swift in Sources */,
				7F199D382BDFB90700C66F29 /* MainWeatherViewController.swift in Sources */,
				7F9AC9AA2BF35932001424E4 /* URLSession+.swift in Sources */,
				7F2E1DB22C207E3500F93ACD /* FetchWeatherForCurrentLocationUseCase.swift in Sources */,
				7F2AAB282BEE4BD0002B9A6B /* NetworkError.swift in Sources */,
				7F2732B62C05ECD500F9974E /* CurrentWeatherRepository.swift in Sources */,
				7FDAD1372C08AF1A0018AA88 /* CommomWeatherInfo.swift in Sources */,
				7FF61B132C3517FA00D5141D /* Observer.swift in Sources */,
				7FDAD13A2C09CD7A0018AA88 /* MappingError.swift in Sources */,
				7FFA69122C32AB3600092250 /* ObservableType.swift in Sources */,
				7F2E1DAA2C20755700F93ACD /* WeeklyWeatherDetail.swift in Sources */,
				7F849B252C3D65010057BBC1 /* CurrentWeatherHeaderView.swift in Sources */,
				7F5216C52C3AC0C000C01A7A /* MainWeatherViewModel.swift in Sources */,
				7F2E1DA42C20713300F93ACD /* CommonWeatherDetail.swift in Sources */,
				7FDAD1352C08ADF70018AA88 /* WeeklyWeatherInfo.swift in Sources */,
				7FDAD1332C08A9650018AA88 /* CurrentWeatherInfo.swift in Sources */,
				7FCA80A02C3AE2C200D9B577 /* Int+.swift in Sources */,
				7FED2F592C0EE50C00CC1E1F /* LocationRepository.swift in Sources */,
				7F2732B82C05ED5F00F9974E /* WeeklyWeatherRepository.swift in Sources */,
				7F2732BB2C05EDBE00F9974E /* DefaultWeatherRepository.swift in Sources */,
				7F2E1DB82C2594A100F93ACD /* BindingError.swift in Sources */,
				7F2E1DA62C20717000F93ACD /* AllWeatherData.swift in Sources */,
				7F1343D92BFCA859009E9DBD /* HTTPError.swift in Sources */,
				7FF61B112C3517E400D5141D /* ObserverType.swift in Sources */,
				7F2E1DB62C20895A00F93ACD /* ConcreteFetchWeatherForCurrentLocationUseCase.swift in Sources */,
				7FCA80982C3AC2E500D9B577 /* CommonWeather.swift in Sources */,
				7FEEB7032BE8B713006AC640 /* CurrentWeather.swift in Sources */,
				7FF61B1B2C351B1900D5141D /* ConcreteDispose.swift in Sources */,
				7F1343D52BFB81EE009E9DBD /* DecodingError+.swift in Sources */,
				7F52D0262C1AFD2100B9220F /* CacheService.swift in Sources */,
				7F199D342BDFB90700C66F29 /* AppDelegate.swift in Sources */,
				7F2E1DAC2C20770300F93ACD /* LocationDetail.swift in Sources */,
				7F2732C22C0603F100F9974E /* DefaultImageDataRepostory.swift in Sources */,
				7FCA809C2C3ADAFD00D9B577 /* WeeklyWeatherModel.swift in Sources */,
				7F769C7A2BEA581A00321EE5 /* WeeklyWeather.swift in Sources */,
				7F199D362BDFB90700C66F29 /* SceneDelegate.swift in Sources */,
				7FEEB7012BE8B671006AC640 /* CommonWeatherData.swift in Sources */,
				7FFA69152C32ABA000092250 /* Observable.swift in Sources */,
				7F2E1DA82C20721200F93ACD /* CurrentWeatherDetail.swift in Sources */,
				7F2732BF2C06000C00F9974E /* WeatherIconDataRepository.swift in Sources */,
				7FED2F5B2C0EE58B00CC1E1F /* LocationInfo.swift in Sources */,
				7F9AC9AD2BF35A05001424E4 /* APIService.swift in Sources */,
				7FCA809E2C3AE19200D9B577 /* DateFormatter+.swift in Sources */,
				7FED2F5D2C0EE5CE00CC1E1F /* DefaultLocationRepository.swift in Sources */,
				7F1343D72BFB84EE009E9DBD /* JSONDecoder+.swift in Sources */,
				7F2AAB252BEE4ACF002B9A6B /* APIEndPoint.swift in Sources */,
				7FCA809A2C3AC57B00D9B577 /* CurrentWeatherModel.swift in Sources */,
				7F2AAB2C2BEE5312002B9A6B /* HTTPMethod.swift in Sources */,
				7F1343E02C00D7CC009E9DBD /* LocationError.swift in Sources */,
				7F52D0232C1AFBF200B9220F /* Cacheable.swift in Sources */,
				7F1343DD2C00BE8F009E9DBD /* LocationService.swift in Sources */,
				7F1343E42C00E44B009E9DBD /* LocationDataProvidable.swift in Sources */,
				7F2AAB2A2BEE4CAF002B9A6B /* OpenWeatherEndPoint.swift in Sources */,
			);
			runOnlyForDeploymentPostprocessing = 0;
		};
/* End PBXSourcesBuildPhase section */

/* Begin PBXVariantGroup section */
		7F199D3E2BDFB90800C66F29 /* LaunchScreen.storyboard */ = {
			isa = PBXVariantGroup;
			children = (
				7F199D3F2BDFB90800C66F29 /* Base */,
			);
			name = LaunchScreen.storyboard;
			sourceTree = "<group>";
		};
/* End PBXVariantGroup section */

/* Begin XCBuildConfiguration section */
		7F199D422BDFB90800C66F29 /* Debug */ = {
			isa = XCBuildConfiguration;
			baseConfigurationReference = 7F2AAB1A2BEE2916002B9A6B /* Config.xcconfig */;
			buildSettings = {
				ALWAYS_SEARCH_USER_PATHS = NO;
				ASSETCATALOG_COMPILER_GENERATE_SWIFT_ASSET_SYMBOL_EXTENSIONS = YES;
				CLANG_ANALYZER_NONNULL = YES;
				CLANG_ANALYZER_NUMBER_OBJECT_CONVERSION = YES_AGGRESSIVE;
				CLANG_CXX_LANGUAGE_STANDARD = "gnu++20";
				CLANG_ENABLE_MODULES = YES;
				CLANG_ENABLE_OBJC_ARC = YES;
				CLANG_ENABLE_OBJC_WEAK = YES;
				CLANG_WARN_BLOCK_CAPTURE_AUTORELEASING = YES;
				CLANG_WARN_BOOL_CONVERSION = YES;
				CLANG_WARN_COMMA = YES;
				CLANG_WARN_CONSTANT_CONVERSION = YES;
				CLANG_WARN_DEPRECATED_OBJC_IMPLEMENTATIONS = YES;
				CLANG_WARN_DIRECT_OBJC_ISA_USAGE = YES_ERROR;
				CLANG_WARN_DOCUMENTATION_COMMENTS = YES;
				CLANG_WARN_EMPTY_BODY = YES;
				CLANG_WARN_ENUM_CONVERSION = YES;
				CLANG_WARN_INFINITE_RECURSION = YES;
				CLANG_WARN_INT_CONVERSION = YES;
				CLANG_WARN_NON_LITERAL_NULL_CONVERSION = YES;
				CLANG_WARN_OBJC_IMPLICIT_RETAIN_SELF = YES;
				CLANG_WARN_OBJC_LITERAL_CONVERSION = YES;
				CLANG_WARN_OBJC_ROOT_CLASS = YES_ERROR;
				CLANG_WARN_QUOTED_INCLUDE_IN_FRAMEWORK_HEADER = YES;
				CLANG_WARN_RANGE_LOOP_ANALYSIS = YES;
				CLANG_WARN_STRICT_PROTOTYPES = YES;
				CLANG_WARN_SUSPICIOUS_MOVE = YES;
				CLANG_WARN_UNGUARDED_AVAILABILITY = YES_AGGRESSIVE;
				CLANG_WARN_UNREACHABLE_CODE = YES;
				CLANG_WARN__DUPLICATE_METHOD_MATCH = YES;
				COPY_PHASE_STRIP = NO;
				DEBUG_INFORMATION_FORMAT = dwarf;
				ENABLE_STRICT_OBJC_MSGSEND = YES;
				ENABLE_TESTABILITY = YES;
				ENABLE_USER_SCRIPT_SANDBOXING = YES;
				GCC_C_LANGUAGE_STANDARD = gnu17;
				GCC_DYNAMIC_NO_PIC = NO;
				GCC_NO_COMMON_BLOCKS = YES;
				GCC_OPTIMIZATION_LEVEL = 0;
				GCC_PREPROCESSOR_DEFINITIONS = (
					"DEBUG=1",
					"$(inherited)",
				);
				GCC_WARN_64_TO_32_BIT_CONVERSION = YES;
				GCC_WARN_ABOUT_RETURN_TYPE = YES_ERROR;
				GCC_WARN_UNDECLARED_SELECTOR = YES;
				GCC_WARN_UNINITIALIZED_AUTOS = YES_AGGRESSIVE;
				GCC_WARN_UNUSED_FUNCTION = YES;
				GCC_WARN_UNUSED_VARIABLE = YES;
				IPHONEOS_DEPLOYMENT_TARGET = 15.0;
				LOCALIZATION_PREFERS_STRING_CATALOGS = YES;
				MTL_ENABLE_DEBUG_INFO = INCLUDE_SOURCE;
				MTL_FAST_MATH = YES;
				ONLY_ACTIVE_ARCH = YES;
				SDKROOT = iphoneos;
				SWIFT_ACTIVE_COMPILATION_CONDITIONS = "DEBUG $(inherited)";
				SWIFT_OPTIMIZATION_LEVEL = "-Onone";
			};
			name = Debug;
		};
		7F199D432BDFB90800C66F29 /* Release */ = {
			isa = XCBuildConfiguration;
			baseConfigurationReference = 7F2AAB1A2BEE2916002B9A6B /* Config.xcconfig */;
			buildSettings = {
				ALWAYS_SEARCH_USER_PATHS = NO;
				ASSETCATALOG_COMPILER_GENERATE_SWIFT_ASSET_SYMBOL_EXTENSIONS = YES;
				CLANG_ANALYZER_NONNULL = YES;
				CLANG_ANALYZER_NUMBER_OBJECT_CONVERSION = YES_AGGRESSIVE;
				CLANG_CXX_LANGUAGE_STANDARD = "gnu++20";
				CLANG_ENABLE_MODULES = YES;
				CLANG_ENABLE_OBJC_ARC = YES;
				CLANG_ENABLE_OBJC_WEAK = YES;
				CLANG_WARN_BLOCK_CAPTURE_AUTORELEASING = YES;
				CLANG_WARN_BOOL_CONVERSION = YES;
				CLANG_WARN_COMMA = YES;
				CLANG_WARN_CONSTANT_CONVERSION = YES;
				CLANG_WARN_DEPRECATED_OBJC_IMPLEMENTATIONS = YES;
				CLANG_WARN_DIRECT_OBJC_ISA_USAGE = YES_ERROR;
				CLANG_WARN_DOCUMENTATION_COMMENTS = YES;
				CLANG_WARN_EMPTY_BODY = YES;
				CLANG_WARN_ENUM_CONVERSION = YES;
				CLANG_WARN_INFINITE_RECURSION = YES;
				CLANG_WARN_INT_CONVERSION = YES;
				CLANG_WARN_NON_LITERAL_NULL_CONVERSION = YES;
				CLANG_WARN_OBJC_IMPLICIT_RETAIN_SELF = YES;
				CLANG_WARN_OBJC_LITERAL_CONVERSION = YES;
				CLANG_WARN_OBJC_ROOT_CLASS = YES_ERROR;
				CLANG_WARN_QUOTED_INCLUDE_IN_FRAMEWORK_HEADER = YES;
				CLANG_WARN_RANGE_LOOP_ANALYSIS = YES;
				CLANG_WARN_STRICT_PROTOTYPES = YES;
				CLANG_WARN_SUSPICIOUS_MOVE = YES;
				CLANG_WARN_UNGUARDED_AVAILABILITY = YES_AGGRESSIVE;
				CLANG_WARN_UNREACHABLE_CODE = YES;
				CLANG_WARN__DUPLICATE_METHOD_MATCH = YES;
				COPY_PHASE_STRIP = NO;
				DEBUG_INFORMATION_FORMAT = "dwarf-with-dsym";
				ENABLE_NS_ASSERTIONS = NO;
				ENABLE_STRICT_OBJC_MSGSEND = YES;
				ENABLE_USER_SCRIPT_SANDBOXING = YES;
				GCC_C_LANGUAGE_STANDARD = gnu17;
				GCC_NO_COMMON_BLOCKS = YES;
				GCC_WARN_64_TO_32_BIT_CONVERSION = YES;
				GCC_WARN_ABOUT_RETURN_TYPE = YES_ERROR;
				GCC_WARN_UNDECLARED_SELECTOR = YES;
				GCC_WARN_UNINITIALIZED_AUTOS = YES_AGGRESSIVE;
				GCC_WARN_UNUSED_FUNCTION = YES;
				GCC_WARN_UNUSED_VARIABLE = YES;
				IPHONEOS_DEPLOYMENT_TARGET = 15.0;
				LOCALIZATION_PREFERS_STRING_CATALOGS = YES;
				MTL_ENABLE_DEBUG_INFO = NO;
				MTL_FAST_MATH = YES;
				SDKROOT = iphoneos;
				SWIFT_COMPILATION_MODE = wholemodule;
				VALIDATE_PRODUCT = YES;
			};
			name = Release;
		};
		7F199D452BDFB90800C66F29 /* Debug */ = {
			isa = XCBuildConfiguration;
			buildSettings = {
				ASSETCATALOG_COMPILER_APPICON_NAME = AppIcon;
				ASSETCATALOG_COMPILER_GLOBAL_ACCENT_COLOR_NAME = AccentColor;
				CODE_SIGN_STYLE = Automatic;
				CURRENT_PROJECT_VERSION = 1;
				GENERATE_INFOPLIST_FILE = YES;
				INFOPLIST_FILE = WeatherForcast_MVVM/Info.plist;
				INFOPLIST_KEY_UIApplicationSupportsIndirectInputEvents = YES;
				INFOPLIST_KEY_UILaunchStoryboardName = LaunchScreen;
				INFOPLIST_KEY_UISupportedInterfaceOrientations = UIInterfaceOrientationPortrait;
				INFOPLIST_KEY_UISupportedInterfaceOrientations_iPad = "UIInterfaceOrientationLandscapeLeft UIInterfaceOrientationLandscapeRight UIInterfaceOrientationPortrait UIInterfaceOrientationPortraitUpsideDown";
				IPHONEOS_DEPLOYMENT_TARGET = 15.0;
				LD_RUNPATH_SEARCH_PATHS = (
					"$(inherited)",
					"@executable_path/Frameworks",
				);
				MARKETING_VERSION = 1.0;
				PRODUCT_BUNDLE_IDENTIFIER = "com.bamsak.WeatherForcast-MVVM";
				PRODUCT_NAME = "$(TARGET_NAME)";
				SUPPORTED_PLATFORMS = "iphoneos iphonesimulator";
				SUPPORTS_MACCATALYST = NO;
				SUPPORTS_MAC_DESIGNED_FOR_IPHONE_IPAD = NO;
				SUPPORTS_XR_DESIGNED_FOR_IPHONE_IPAD = NO;
				SWIFT_EMIT_LOC_STRINGS = YES;
				SWIFT_VERSION = 5.0;
				TARGETED_DEVICE_FAMILY = 1;
			};
			name = Debug;
		};
		7F199D462BDFB90800C66F29 /* Release */ = {
			isa = XCBuildConfiguration;
			buildSettings = {
				ASSETCATALOG_COMPILER_APPICON_NAME = AppIcon;
				ASSETCATALOG_COMPILER_GLOBAL_ACCENT_COLOR_NAME = AccentColor;
				CODE_SIGN_STYLE = Automatic;
				CURRENT_PROJECT_VERSION = 1;
				GENERATE_INFOPLIST_FILE = YES;
				INFOPLIST_FILE = WeatherForcast_MVVM/Info.plist;
				INFOPLIST_KEY_UIApplicationSupportsIndirectInputEvents = YES;
				INFOPLIST_KEY_UILaunchStoryboardName = LaunchScreen;
				INFOPLIST_KEY_UISupportedInterfaceOrientations = UIInterfaceOrientationPortrait;
				INFOPLIST_KEY_UISupportedInterfaceOrientations_iPad = "UIInterfaceOrientationLandscapeLeft UIInterfaceOrientationLandscapeRight UIInterfaceOrientationPortrait UIInterfaceOrientationPortraitUpsideDown";
				IPHONEOS_DEPLOYMENT_TARGET = 15.0;
				LD_RUNPATH_SEARCH_PATHS = (
					"$(inherited)",
					"@executable_path/Frameworks",
				);
				MARKETING_VERSION = 1.0;
				PRODUCT_BUNDLE_IDENTIFIER = "com.bamsak.WeatherForcast-MVVM";
				PRODUCT_NAME = "$(TARGET_NAME)";
				SUPPORTED_PLATFORMS = "iphoneos iphonesimulator";
				SUPPORTS_MACCATALYST = NO;
				SUPPORTS_MAC_DESIGNED_FOR_IPHONE_IPAD = NO;
				SUPPORTS_XR_DESIGNED_FOR_IPHONE_IPAD = NO;
				SWIFT_EMIT_LOC_STRINGS = YES;
				SWIFT_VERSION = 5.0;
				TARGETED_DEVICE_FAMILY = 1;
			};
			name = Release;
		};
/* End XCBuildConfiguration section */

/* Begin XCConfigurationList section */
		7F199D2B2BDFB90700C66F29 /* Build configuration list for PBXProject "WeatherForcast_MVVM" */ = {
			isa = XCConfigurationList;
			buildConfigurations = (
				7F199D422BDFB90800C66F29 /* Debug */,
				7F199D432BDFB90800C66F29 /* Release */,
			);
			defaultConfigurationIsVisible = 0;
			defaultConfigurationName = Release;
		};
		7F199D442BDFB90800C66F29 /* Build configuration list for PBXNativeTarget "WeatherForcast_MVVM" */ = {
			isa = XCConfigurationList;
			buildConfigurations = (
				7F199D452BDFB90800C66F29 /* Debug */,
				7F199D462BDFB90800C66F29 /* Release */,
			);
			defaultConfigurationIsVisible = 0;
			defaultConfigurationName = Release;
		};
/* End XCConfigurationList section */
	};
	rootObject = 7F199D282BDFB90700C66F29 /* Project object */;
}
