// !$*UTF8*$!
{
	archiveVersion = 1;
	classes = {
	};
	objectVersion = 56;
	objects = {

/* Begin PBXBuildFile section */
		7F199D342BDFB90700C66F29 /* AppDelegate.swift in Sources */ = {isa = PBXBuildFile; fileRef = 7F199D332BDFB90700C66F29 /* AppDelegate.swift */; };
		7F199D362BDFB90700C66F29 /* SceneDelegate.swift in Sources */ = {isa = PBXBuildFile; fileRef = 7F199D352BDFB90700C66F29 /* SceneDelegate.swift */; };
		7F199D382BDFB90700C66F29 /* ViewController.swift in Sources */ = {isa = PBXBuildFile; fileRef = 7F199D372BDFB90700C66F29 /* ViewController.swift */; };
		7F199D3D2BDFB90800C66F29 /* Assets.xcassets in Resources */ = {isa = PBXBuildFile; fileRef = 7F199D3C2BDFB90800C66F29 /* Assets.xcassets */; };
		7F199D402BDFB90800C66F29 /* LaunchScreen.storyboard in Resources */ = {isa = PBXBuildFile; fileRef = 7F199D3E2BDFB90800C66F29 /* LaunchScreen.storyboard */; };
		7F769C7A2BEA581A00321EE5 /* WeeklyWeather.swift in Sources */ = {isa = PBXBuildFile; fileRef = 7F769C792BEA581A00321EE5 /* WeeklyWeather.swift */; };
		7FEEB7012BE8B671006AC640 /* CommonWeatherData.swift in Sources */ = {isa = PBXBuildFile; fileRef = 7FEEB7002BE8B671006AC640 /* CommonWeatherData.swift */; };
		7FEEB7032BE8B713006AC640 /* CurrentWeather.swift in Sources */ = {isa = PBXBuildFile; fileRef = 7FEEB7022BE8B713006AC640 /* CurrentWeather.swift */; };
/* End PBXBuildFile section */

/* Begin PBXFileReference section */
		7F199D302BDFB90700C66F29 /* WeatherForcast_MVVM.app */ = {isa = PBXFileReference; explicitFileType = wrapper.application; includeInIndex = 0; path = WeatherForcast_MVVM.app; sourceTree = BUILT_PRODUCTS_DIR; };
		7F199D332BDFB90700C66F29 /* AppDelegate.swift */ = {isa = PBXFileReference; lastKnownFileType = sourcecode.swift; path = AppDelegate.swift; sourceTree = "<group>"; };
		7F199D352BDFB90700C66F29 /* SceneDelegate.swift */ = {isa = PBXFileReference; lastKnownFileType = sourcecode.swift; path = SceneDelegate.swift; sourceTree = "<group>"; };
		7F199D372BDFB90700C66F29 /* ViewController.swift */ = {isa = PBXFileReference; lastKnownFileType = sourcecode.swift; path = ViewController.swift; sourceTree = "<group>"; };
		7F199D3C2BDFB90800C66F29 /* Assets.xcassets */ = {isa = PBXFileReference; lastKnownFileType = folder.assetcatalog; path = Assets.xcassets; sourceTree = "<group>"; };
		7F199D3F2BDFB90800C66F29 /* Base */ = {isa = PBXFileReference; lastKnownFileType = file.storyboard; name = Base; path = Base.lproj/LaunchScreen.storyboard; sourceTree = "<group>"; };
		7F199D412BDFB90800C66F29 /* Info.plist */ = {isa = PBXFileReference; lastKnownFileType = text.plist.xml; path = Info.plist; sourceTree = "<group>"; };
		7F769C792BEA581A00321EE5 /* WeeklyWeather.swift */ = {isa = PBXFileReference; lastKnownFileType = sourcecode.swift; path = WeeklyWeather.swift; sourceTree = "<group>"; };
		7FEEB7002BE8B671006AC640 /* CommonWeatherData.swift */ = {isa = PBXFileReference; lastKnownFileType = sourcecode.swift; path = CommonWeatherData.swift; sourceTree = "<group>"; };
		7FEEB7022BE8B713006AC640 /* CurrentWeather.swift */ = {isa = PBXFileReference; lastKnownFileType = sourcecode.swift; path = CurrentWeather.swift; sourceTree = "<group>"; };
/* End PBXFileReference section */

/* Begin PBXFrameworksBuildPhase section */
		7F199D2D2BDFB90700C66F29 /* Frameworks */ = {
			isa = PBXFrameworksBuildPhase;
			buildActionMask = 2147483647;
			files = (
			);
			runOnlyForDeploymentPostprocessing = 0;
		};
/* End PBXFrameworksBuildPhase section */

/* Begin PBXGroup section */
		7F199D272BDFB90700C66F29 = {
			isa = PBXGroup;
			children = (
				7F199D322BDFB90700C66F29 /* WeatherForcast_MVVM */,
				7F199D312BDFB90700C66F29 /* Products */,
			);
			sourceTree = "<group>";
		};
		7F199D312BDFB90700C66F29 /* Products */ = {
			isa = PBXGroup;
			children = (
				7F199D302BDFB90700C66F29 /* WeatherForcast_MVVM.app */,
			);
			name = Products;
			sourceTree = "<group>";
		};
		7F199D322BDFB90700C66F29 /* WeatherForcast_MVVM */ = {
			isa = PBXGroup;
			children = (
				7FE4BCA12BE5218900739D0D /* App */,
				7FE3F0362BE5255400A047EE /* View */,
				7FE3F0372BE525EA00A047EE /* Model */,
				7F199D3C2BDFB90800C66F29 /* Assets.xcassets */,
				7F199D3E2BDFB90800C66F29 /* LaunchScreen.storyboard */,
				7F199D412BDFB90800C66F29 /* Info.plist */,
			);
			path = WeatherForcast_MVVM;
			sourceTree = "<group>";
		};
		7FE3F0362BE5255400A047EE /* View */ = {
			isa = PBXGroup;
			children = (
				7F199D372BDFB90700C66F29 /* ViewController.swift */,
			);
			path = View;
			sourceTree = "<group>";
		};
		7FE3F0372BE525EA00A047EE /* Model */ = {
			isa = PBXGroup;
			children = (
				7FE3F0382BE525F600A047EE /* DTO */,
			);
			path = Model;
			sourceTree = "<group>";
		};
		7FE3F0382BE525F600A047EE /* DTO */ = {
			isa = PBXGroup;
			children = (
				7FEEB7022BE8B713006AC640 /* CurrentWeather.swift */,
				7F769C792BEA581A00321EE5 /* WeeklyWeather.swift */,
				7FEEB7002BE8B671006AC640 /* CommonWeatherData.swift */,
			);
			path = DTO;
			sourceTree = "<group>";
		};
		7FE4BCA12BE5218900739D0D /* App */ = {
			isa = PBXGroup;
			children = (
				7F199D332BDFB90700C66F29 /* AppDelegate.swift */,
				7F199D352BDFB90700C66F29 /* SceneDelegate.swift */,
			);
			path = App;
			sourceTree = "<group>";
		};
/* End PBXGroup section */

/* Begin PBXNativeTarget section */
		7F199D2F2BDFB90700C66F29 /* WeatherForcast_MVVM */ = {
			isa = PBXNativeTarget;
			buildConfigurationList = 7F199D442BDFB90800C66F29 /* Build configuration list for PBXNativeTarget "WeatherForcast_MVVM" */;
			buildPhases = (
				7F199D2C2BDFB90700C66F29 /* Sources */,
				7F199D2D2BDFB90700C66F29 /* Frameworks */,
				7F199D2E2BDFB90700C66F29 /* Resources */,
			);
			buildRules = (
			);
			dependencies = (
			);
			name = WeatherForcast_MVVM;
			productName = WeatherForcast_MVVM;
			productReference = 7F199D302BDFB90700C66F29 /* WeatherForcast_MVVM.app */;
			productType = "com.apple.product-type.application";
		};
/* End PBXNativeTarget section */

/* Begin PBXProject section */
		7F199D282BDFB90700C66F29 /* Project object */ = {
			isa = PBXProject;
			attributes = {
				BuildIndependentTargetsInParallel = 1;
				LastSwiftUpdateCheck = 1520;
				LastUpgradeCheck = 1520;
				TargetAttributes = {
					7F199D2F2BDFB90700C66F29 = {
						CreatedOnToolsVersion = 15.2;
					};
				};
			};
			buildConfigurationList = 7F199D2B2BDFB90700C66F29 /* Build configuration list for PBXProject "WeatherForcast_MVVM" */;
			compatibilityVersion = "Xcode 14.0";
			developmentRegion = en;
			hasScannedForEncodings = 0;
			knownRegions = (
				en,
				Base,
			);
			mainGroup = 7F199D272BDFB90700C66F29;
			productRefGroup = 7F199D312BDFB90700C66F29 /* Products */;
			projectDirPath = "";
			projectRoot = "";
			targets = (
				7F199D2F2BDFB90700C66F29 /* WeatherForcast_MVVM */,
			);
		};
/* End PBXProject section */

/* Begin PBXResourcesBuildPhase section */
		7F199D2E2BDFB90700C66F29 /* Resources */ = {
			isa = PBXResourcesBuildPhase;
			buildActionMask = 2147483647;
			files = (
				7F199D402BDFB90800C66F29 /* LaunchScreen.storyboard in Resources */,
				7F199D3D2BDFB90800C66F29 /* Assets.xcassets in Resources */,
			);
			runOnlyForDeploymentPostprocessing = 0;
		};
/* End PBXResourcesBuildPhase section */

/* Begin PBXSourcesBuildPhase section */
		7F199D2C2BDFB90700C66F29 /* Sources */ = {
			isa = PBXSourcesBuildPhase;
			buildActionMask = 2147483647;
			files = (
				7F199D382BDFB90700C66F29 /* ViewController.swift in Sources */,
				7FEEB7032BE8B713006AC640 /* CurrentWeather.swift in Sources */,
				7F199D342BDFB90700C66F29 /* AppDelegate.swift in Sources */,
				7F769C7A2BEA581A00321EE5 /* WeeklyWeather.swift in Sources */,
				7F199D362BDFB90700C66F29 /* SceneDelegate.swift in Sources */,
				7FEEB7012BE8B671006AC640 /* CommonWeatherData.swift in Sources */,
			);
			runOnlyForDeploymentPostprocessing = 0;
		};
/* End PBXSourcesBuildPhase section */

/* Begin PBXVariantGroup section */
		7F199D3E2BDFB90800C66F29 /* LaunchScreen.storyboard */ = {
			isa = PBXVariantGroup;
			children = (
				7F199D3F2BDFB90800C66F29 /* Base */,
			);
			name = LaunchScreen.storyboard;
			sourceTree = "<group>";
		};
/* End PBXVariantGroup section */

/* Begin XCBuildConfiguration section */
		7F199D422BDFB90800C66F29 /* Debug */ = {
			isa = XCBuildConfiguration;
			buildSettings = {
				ALWAYS_SEARCH_USER_PATHS = NO;
				ASSETCATALOG_COMPILER_GENERATE_SWIFT_ASSET_SYMBOL_EXTENSIONS = YES;
				CLANG_ANALYZER_NONNULL = YES;
				CLANG_ANALYZER_NUMBER_OBJECT_CONVERSION = YES_AGGRESSIVE;
				CLANG_CXX_LANGUAGE_STANDARD = "gnu++20";
				CLANG_ENABLE_MODULES = YES;
				CLANG_ENABLE_OBJC_ARC = YES;
				CLANG_ENABLE_OBJC_WEAK = YES;
				CLANG_WARN_BLOCK_CAPTURE_AUTORELEASING = YES;
				CLANG_WARN_BOOL_CONVERSION = YES;
				CLANG_WARN_COMMA = YES;
				CLANG_WARN_CONSTANT_CONVERSION = YES;
				CLANG_WARN_DEPRECATED_OBJC_IMPLEMENTATIONS = YES;
				CLANG_WARN_DIRECT_OBJC_ISA_USAGE = YES_ERROR;
				CLANG_WARN_DOCUMENTATION_COMMENTS = YES;
				CLANG_WARN_EMPTY_BODY = YES;
				CLANG_WARN_ENUM_CONVERSION = YES;
				CLANG_WARN_INFINITE_RECURSION = YES;
				CLANG_WARN_INT_CONVERSION = YES;
				CLANG_WARN_NON_LITERAL_NULL_CONVERSION = YES;
				CLANG_WARN_OBJC_IMPLICIT_RETAIN_SELF = YES;
				CLANG_WARN_OBJC_LITERAL_CONVERSION = YES;
				CLANG_WARN_OBJC_ROOT_CLASS = YES_ERROR;
				CLANG_WARN_QUOTED_INCLUDE_IN_FRAMEWORK_HEADER = YES;
				CLANG_WARN_RANGE_LOOP_ANALYSIS = YES;
				CLANG_WARN_STRICT_PROTOTYPES = YES;
				CLANG_WARN_SUSPICIOUS_MOVE = YES;
				CLANG_WARN_UNGUARDED_AVAILABILITY = YES_AGGRESSIVE;
				CLANG_WARN_UNREACHABLE_CODE = YES;
				CLANG_WARN__DUPLICATE_METHOD_MATCH = YES;
				COPY_PHASE_STRIP = NO;
				DEBUG_INFORMATION_FORMAT = dwarf;
				ENABLE_STRICT_OBJC_MSGSEND = YES;
				ENABLE_TESTABILITY = YES;
				ENABLE_USER_SCRIPT_SANDBOXING = YES;
				GCC_C_LANGUAGE_STANDARD = gnu17;
				GCC_DYNAMIC_NO_PIC = NO;
				GCC_NO_COMMON_BLOCKS = YES;
				GCC_OPTIMIZATION_LEVEL = 0;
				GCC_PREPROCESSOR_DEFINITIONS = (
					"DEBUG=1",
					"$(inherited)",
				);
				GCC_WARN_64_TO_32_BIT_CONVERSION = YES;
				GCC_WARN_ABOUT_RETURN_TYPE = YES_ERROR;
				GCC_WARN_UNDECLARED_SELECTOR = YES;
				GCC_WARN_UNINITIALIZED_AUTOS = YES_AGGRESSIVE;
				GCC_WARN_UNUSED_FUNCTION = YES;
				GCC_WARN_UNUSED_VARIABLE = YES;
				IPHONEOS_DEPLOYMENT_TARGET = 15.0;
				LOCALIZATION_PREFERS_STRING_CATALOGS = YES;
				MTL_ENABLE_DEBUG_INFO = INCLUDE_SOURCE;
				MTL_FAST_MATH = YES;
				ONLY_ACTIVE_ARCH = YES;
				SDKROOT = iphoneos;
				SWIFT_ACTIVE_COMPILATION_CONDITIONS = "DEBUG $(inherited)";
				SWIFT_OPTIMIZATION_LEVEL = "-Onone";
			};
			name = Debug;
		};
		7F199D432BDFB90800C66F29 /* Release */ = {
			isa = XCBuildConfiguration;
			buildSettings = {
				ALWAYS_SEARCH_USER_PATHS = NO;
				ASSETCATALOG_COMPILER_GENERATE_SWIFT_ASSET_SYMBOL_EXTENSIONS = YES;
				CLANG_ANALYZER_NONNULL = YES;
				CLANG_ANALYZER_NUMBER_OBJECT_CONVERSION = YES_AGGRESSIVE;
				CLANG_CXX_LANGUAGE_STANDARD = "gnu++20";
				CLANG_ENABLE_MODULES = YES;
				CLANG_ENABLE_OBJC_ARC = YES;
				CLANG_ENABLE_OBJC_WEAK = YES;
				CLANG_WARN_BLOCK_CAPTURE_AUTORELEASING = YES;
				CLANG_WARN_BOOL_CONVERSION = YES;
				CLANG_WARN_COMMA = YES;
				CLANG_WARN_CONSTANT_CONVERSION = YES;
				CLANG_WARN_DEPRECATED_OBJC_IMPLEMENTATIONS = YES;
				CLANG_WARN_DIRECT_OBJC_ISA_USAGE = YES_ERROR;
				CLANG_WARN_DOCUMENTATION_COMMENTS = YES;
				CLANG_WARN_EMPTY_BODY = YES;
				CLANG_WARN_ENUM_CONVERSION = YES;
				CLANG_WARN_INFINITE_RECURSION = YES;
				CLANG_WARN_INT_CONVERSION = YES;
				CLANG_WARN_NON_LITERAL_NULL_CONVERSION = YES;
				CLANG_WARN_OBJC_IMPLICIT_RETAIN_SELF = YES;
				CLANG_WARN_OBJC_LITERAL_CONVERSION = YES;
				CLANG_WARN_OBJC_ROOT_CLASS = YES_ERROR;
				CLANG_WARN_QUOTED_INCLUDE_IN_FRAMEWORK_HEADER = YES;
				CLANG_WARN_RANGE_LOOP_ANALYSIS = YES;
				CLANG_WARN_STRICT_PROTOTYPES = YES;
				CLANG_WARN_SUSPICIOUS_MOVE = YES;
				CLANG_WARN_UNGUARDED_AVAILABILITY = YES_AGGRESSIVE;
				CLANG_WARN_UNREACHABLE_CODE = YES;
				CLANG_WARN__DUPLICATE_METHOD_MATCH = YES;
				COPY_PHASE_STRIP = NO;
				DEBUG_INFORMATION_FORMAT = "dwarf-with-dsym";
				ENABLE_NS_ASSERTIONS = NO;
				ENABLE_STRICT_OBJC_MSGSEND = YES;
				ENABLE_USER_SCRIPT_SANDBOXING = YES;
				GCC_C_LANGUAGE_STANDARD = gnu17;
				GCC_NO_COMMON_BLOCKS = YES;
				GCC_WARN_64_TO_32_BIT_CONVERSION = YES;
				GCC_WARN_ABOUT_RETURN_TYPE = YES_ERROR;
				GCC_WARN_UNDECLARED_SELECTOR = YES;
				GCC_WARN_UNINITIALIZED_AUTOS = YES_AGGRESSIVE;
				GCC_WARN_UNUSED_FUNCTION = YES;
				GCC_WARN_UNUSED_VARIABLE = YES;
				IPHONEOS_DEPLOYMENT_TARGET = 15.0;
				LOCALIZATION_PREFERS_STRING_CATALOGS = YES;
				MTL_ENABLE_DEBUG_INFO = NO;
				MTL_FAST_MATH = YES;
				SDKROOT = iphoneos;
				SWIFT_COMPILATION_MODE = wholemodule;
				VALIDATE_PRODUCT = YES;
			};
			name = Release;
		};
		7F199D452BDFB90800C66F29 /* Debug */ = {
			isa = XCBuildConfiguration;
			buildSettings = {
				ASSETCATALOG_COMPILER_APPICON_NAME = AppIcon;
				ASSETCATALOG_COMPILER_GLOBAL_ACCENT_COLOR_NAME = AccentColor;
				CODE_SIGN_STYLE = Automatic;
				CURRENT_PROJECT_VERSION = 1;
				GENERATE_INFOPLIST_FILE = YES;
				INFOPLIST_FILE = WeatherForcast_MVVM/Info.plist;
				INFOPLIST_KEY_UIApplicationSupportsIndirectInputEvents = YES;
				INFOPLIST_KEY_UILaunchStoryboardName = LaunchScreen;
				INFOPLIST_KEY_UISupportedInterfaceOrientations = UIInterfaceOrientationPortrait;
				INFOPLIST_KEY_UISupportedInterfaceOrientations_iPad = "UIInterfaceOrientationLandscapeLeft UIInterfaceOrientationLandscapeRight UIInterfaceOrientationPortrait UIInterfaceOrientationPortraitUpsideDown";
				IPHONEOS_DEPLOYMENT_TARGET = 15.0;
				LD_RUNPATH_SEARCH_PATHS = (
					"$(inherited)",
					"@executable_path/Frameworks",
				);
				MARKETING_VERSION = 1.0;
				PRODUCT_BUNDLE_IDENTIFIER = "com.bamsak.WeatherForcast-MVVM";
				PRODUCT_NAME = "$(TARGET_NAME)";
				SUPPORTED_PLATFORMS = "iphoneos iphonesimulator";
				SUPPORTS_MACCATALYST = NO;
				SUPPORTS_MAC_DESIGNED_FOR_IPHONE_IPAD = NO;
				SUPPORTS_XR_DESIGNED_FOR_IPHONE_IPAD = NO;
				SWIFT_EMIT_LOC_STRINGS = YES;
				SWIFT_VERSION = 5.0;
				TARGETED_DEVICE_FAMILY = 1;
			};
			name = Debug;
		};
		7F199D462BDFB90800C66F29 /* Release */ = {
			isa = XCBuildConfiguration;
			buildSettings = {
				ASSETCATALOG_COMPILER_APPICON_NAME = AppIcon;
				ASSETCATALOG_COMPILER_GLOBAL_ACCENT_COLOR_NAME = AccentColor;
				CODE_SIGN_STYLE = Automatic;
				CURRENT_PROJECT_VERSION = 1;
				GENERATE_INFOPLIST_FILE = YES;
				INFOPLIST_FILE = WeatherForcast_MVVM/Info.plist;
				INFOPLIST_KEY_UIApplicationSupportsIndirectInputEvents = YES;
				INFOPLIST_KEY_UILaunchStoryboardName = LaunchScreen;
				INFOPLIST_KEY_UISupportedInterfaceOrientations = UIInterfaceOrientationPortrait;
				INFOPLIST_KEY_UISupportedInterfaceOrientations_iPad = "UIInterfaceOrientationLandscapeLeft UIInterfaceOrientationLandscapeRight UIInterfaceOrientationPortrait UIInterfaceOrientationPortraitUpsideDown";
				IPHONEOS_DEPLOYMENT_TARGET = 15.0;
				LD_RUNPATH_SEARCH_PATHS = (
					"$(inherited)",
					"@executable_path/Frameworks",
				);
				MARKETING_VERSION = 1.0;
				PRODUCT_BUNDLE_IDENTIFIER = "com.bamsak.WeatherForcast-MVVM";
				PRODUCT_NAME = "$(TARGET_NAME)";
				SUPPORTED_PLATFORMS = "iphoneos iphonesimulator";
				SUPPORTS_MACCATALYST = NO;
				SUPPORTS_MAC_DESIGNED_FOR_IPHONE_IPAD = NO;
				SUPPORTS_XR_DESIGNED_FOR_IPHONE_IPAD = NO;
				SWIFT_EMIT_LOC_STRINGS = YES;
				SWIFT_VERSION = 5.0;
				TARGETED_DEVICE_FAMILY = 1;
			};
			name = Release;
		};
/* End XCBuildConfiguration section */

/* Begin XCConfigurationList section */
		7F199D2B2BDFB90700C66F29 /* Build configuration list for PBXProject "WeatherForcast_MVVM" */ = {
			isa = XCConfigurationList;
			buildConfigurations = (
				7F199D422BDFB90800C66F29 /* Debug */,
				7F199D432BDFB90800C66F29 /* Release */,
			);
			defaultConfigurationIsVisible = 0;
			defaultConfigurationName = Release;
		};
		7F199D442BDFB90800C66F29 /* Build configuration list for PBXNativeTarget "WeatherForcast_MVVM" */ = {
			isa = XCConfigurationList;
			buildConfigurations = (
				7F199D452BDFB90800C66F29 /* Debug */,
				7F199D462BDFB90800C66F29 /* Release */,
			);
			defaultConfigurationIsVisible = 0;
			defaultConfigurationName = Release;
		};
/* End XCConfigurationList section */
	};
	rootObject = 7F199D282BDFB90700C66F29 /* Project object */;
}
